// !$*UTF8*$!
{
	archiveVersion = 1;
	classes = {
	};
	objectVersion = 55;
	objects = {

/* Begin PBXBuildFile section */
		7A603A1128300DF800E76AB5 /* sorting_algs.cpp in Sources */ = {isa = PBXBuildFile; fileRef = 7A603A0F28300DF800E76AB5 /* sorting_algs.cpp */; };
		7A819CA7282FA0A80073CC5F /* main.cpp in Sources */ = {isa = PBXBuildFile; fileRef = 7A819CA6282FA0A80073CC5F /* main.cpp */; };
		7A819CAF282FA0C10073CC5F /* Cocoa.framework in Frameworks */ = {isa = PBXBuildFile; fileRef = 7A819CAE282FA0C10073CC5F /* Cocoa.framework */; };
		7A819CB1282FA0C70073CC5F /* IOKit.framework in Frameworks */ = {isa = PBXBuildFile; fileRef = 7A819CB0282FA0C70073CC5F /* IOKit.framework */; };
		7A819CB3282FA0CB0073CC5F /* OpenGL.framework in Frameworks */ = {isa = PBXBuildFile; fileRef = 7A819CB2282FA0CB0073CC5F /* OpenGL.framework */; };
		7A819CB5282FA0DC0073CC5F /* libraylib.a in Frameworks */ = {isa = PBXBuildFile; fileRef = 7A819CB4282FA0DC0073CC5F /* libraylib.a */; };
/* End PBXBuildFile section */

/* Begin PBXCopyFilesBuildPhase section */
		7A819CA1282FA0A80073CC5F /* CopyFiles */ = {
			isa = PBXCopyFilesBuildPhase;
			buildActionMask = 2147483647;
			dstPath = /usr/share/man/man1/;
			dstSubfolderSpec = 0;
			files = (
			);
			runOnlyForDeploymentPostprocessing = 1;
		};
/* End PBXCopyFilesBuildPhase section */

/* Begin PBXFileReference section */
		7A603A0F28300DF800E76AB5 /* sorting_algs.cpp */ = {isa = PBXFileReference; lastKnownFileType = sourcecode.cpp.cpp; path = sorting_algs.cpp; sourceTree = "<group>"; };
		7A603A1028300DF800E76AB5 /* sorting_algs.hpp */ = {isa = PBXFileReference; lastKnownFileType = sourcecode.cpp.h; path = sorting_algs.hpp; sourceTree = "<group>"; };
		7A819CA3282FA0A80073CC5F /* SORTING_VISUALIZER */ = {isa = PBXFileReference; explicitFileType = "compiled.mach-o.executable"; includeInIndex = 0; path = SORTING_VISUALIZER; sourceTree = BUILT_PRODUCTS_DIR; };
		7A819CA6282FA0A80073CC5F /* main.cpp */ = {isa = PBXFileReference; lastKnownFileType = sourcecode.cpp.cpp; path = main.cpp; sourceTree = "<group>"; };
		7A819CAE282FA0C10073CC5F /* Cocoa.framework */ = {isa = PBXFileReference; lastKnownFileType = wrapper.framework; name = Cocoa.framework; path = System/Library/Frameworks/Cocoa.framework; sourceTree = SDKROOT; };
		7A819CB0282FA0C70073CC5F /* IOKit.framework */ = {isa = PBXFileReference; lastKnownFileType = wrapper.framework; name = IOKit.framework; path = System/Library/Frameworks/IOKit.framework; sourceTree = SDKROOT; };
		7A819CB2282FA0CB0073CC5F /* OpenGL.framework */ = {isa = PBXFileReference; lastKnownFileType = wrapper.framework; name = OpenGL.framework; path = System/Library/Frameworks/OpenGL.framework; sourceTree = SDKROOT; };
		7A819CB4282FA0DC0073CC5F /* libraylib.a */ = {isa = PBXFileReference; lastKnownFileType = archive.ar; name = libraylib.a; path = ../raylib/src/libraylib.a; sourceTree = "<group>"; };
/* End PBXFileReference section */

/* Begin PBXFrameworksBuildPhase section */
		7A819CA0282FA0A80073CC5F /* Frameworks */ = {
			isa = PBXFrameworksBuildPhase;
			buildActionMask = 2147483647;
			files = (
				7A819CB5282FA0DC0073CC5F /* libraylib.a in Frameworks */,
				7A819CB3282FA0CB0073CC5F /* OpenGL.framework in Frameworks */,
				7A819CB1282FA0C70073CC5F /* IOKit.framework in Frameworks */,
				7A819CAF282FA0C10073CC5F /* Cocoa.framework in Frameworks */,
			);
			runOnlyForDeploymentPostprocessing = 0;
		};
/* End PBXFrameworksBuildPhase section */

/* Begin PBXGroup section */
		7A819C9A282FA0A80073CC5F = {
			isa = PBXGroup;
			children = (
				7A819CA5282FA0A80073CC5F /* SORTING_VISUALIZER */,
				7A819CA4282FA0A80073CC5F /* Products */,
				7A819CAD282FA0C10073CC5F /* Frameworks */,
			);
			sourceTree = "<group>";
		};
		7A819CA4282FA0A80073CC5F /* Products */ = {
			isa = PBXGroup;
			children = (
				7A819CA3282FA0A80073CC5F /* SORTING_VISUALIZER */,
			);
			name = Products;
			sourceTree = "<group>";
		};
		7A819CA5282FA0A80073CC5F /* SORTING_VISUALIZER */ = {
			isa = PBXGroup;
			children = (
				7A819CA6282FA0A80073CC5F /* main.cpp */,
				7A603A0F28300DF800E76AB5 /* sorting_algs.cpp */,
				7A603A1028300DF800E76AB5 /* sorting_algs.hpp */,
			);
			path = SORTING_VISUALIZER;
			sourceTree = "<group>";
		};
		7A819CAD282FA0C10073CC5F /* Frameworks */ = {
			isa = PBXGroup;
			children = (
				7A819CB4282FA0DC0073CC5F /* libraylib.a */,
				7A819CB2282FA0CB0073CC5F /* OpenGL.framework */,
				7A819CB0282FA0C70073CC5F /* IOKit.framework */,
				7A819CAE282FA0C10073CC5F /* Cocoa.framework */,
			);
			name = Frameworks;
			sourceTree = "<group>";
		};
/* End PBXGroup section */

/* Begin PBXNativeTarget section */
		7A819CA2282FA0A80073CC5F /* SORTING_VISUALIZER */ = {
			isa = PBXNativeTarget;
			buildConfigurationList = 7A819CAA282FA0A80073CC5F /* Build configuration list for PBXNativeTarget "SORTING_VISUALIZER" */;
			buildPhases = (
				7A819C9F282FA0A80073CC5F /* Sources */,
				7A819CA0282FA0A80073CC5F /* Frameworks */,
				7A819CA1282FA0A80073CC5F /* CopyFiles */,
			);
			buildRules = (
			);
			dependencies = (
			);
			name = SORTING_VISUALIZER;
			productName = SORTING_VISUALIZER;
			productReference = 7A819CA3282FA0A80073CC5F /* SORTING_VISUALIZER */;
			productType = "com.apple.product-type.tool";
		};
/* End PBXNativeTarget section */

/* Begin PBXProject section */
		7A819C9B282FA0A80073CC5F /* Project object */ = {
			isa = PBXProject;
			attributes = {
				BuildIndependentTargetsInParallel = 1;
				LastUpgradeCheck = 1330;
				TargetAttributes = {
					7A819CA2282FA0A80073CC5F = {
						CreatedOnToolsVersion = 13.3.1;
					};
				};
			};
			buildConfigurationList = 7A819C9E282FA0A80073CC5F /* Build configuration list for PBXProject "SORTING_VISUALIZER" */;
			compatibilityVersion = "Xcode 13.0";
			developmentRegion = en;
			hasScannedForEncodings = 0;
			knownRegions = (
				en,
				Base,
			);
			mainGroup = 7A819C9A282FA0A80073CC5F;
			productRefGroup = 7A819CA4282FA0A80073CC5F /* Products */;
			projectDirPath = "";
			projectRoot = "";
			targets = (
				7A819CA2282FA0A80073CC5F /* SORTING_VISUALIZER */,
			);
		};
/* End PBXProject section */

/* Begin PBXSourcesBuildPhase section */
		7A819C9F282FA0A80073CC5F /* Sources */ = {
			isa = PBXSourcesBuildPhase;
			buildActionMask = 2147483647;
			files = (
				7A819CA7282FA0A80073CC5F /* main.cpp in Sources */,
				7A603A1128300DF800E76AB5 /* sorting_algs.cpp in Sources */,
			);
			runOnlyForDeploymentPostprocessing = 0;
		};
/* End PBXSourcesBuildPhase section */

/* Begin XCBuildConfiguration section */
		7A819CA8282FA0A80073CC5F /* Debug */ = {
			isa = XCBuildConfiguration;
			buildSettings = {
				ALWAYS_SEARCH_USER_PATHS = NO;
				CLANG_ANALYZER_NONNULL = YES;
				CLANG_ANALYZER_NUMBER_OBJECT_CONVERSION = YES_AGGRESSIVE;
				CLANG_CXX_LANGUAGE_STANDARD = "gnu++17";
				CLANG_ENABLE_MODULES = YES;
				CLANG_ENABLE_OBJC_ARC = YES;
				CLANG_ENABLE_OBJC_WEAK = YES;
				CLANG_WARN_BLOCK_CAPTURE_AUTORELEASING = YES;
				CLANG_WARN_BOOL_CONVERSION = YES;
				CLANG_WARN_COMMA = YES;
				CLANG_WARN_CONSTANT_CONVERSION = YES;
				CLANG_WARN_DEPRECATED_OBJC_IMPLEMENTATIONS = YES;
				CLANG_WARN_DIRECT_OBJC_ISA_USAGE = YES_ERROR;
				CLANG_WARN_DOCUMENTATION_COMMENTS = YES;
				CLANG_WARN_EMPTY_BODY = YES;
				CLANG_WARN_ENUM_CONVERSION = YES;
				CLANG_WARN_INFINITE_RECURSION = YES;
				CLANG_WARN_INT_CONVERSION = YES;
				CLANG_WARN_NON_LITERAL_NULL_CONVERSION = YES;
				CLANG_WARN_OBJC_IMPLICIT_RETAIN_SELF = YES;
				CLANG_WARN_OBJC_LITERAL_CONVERSION = YES;
				CLANG_WARN_OBJC_ROOT_CLASS = YES_ERROR;
				CLANG_WARN_QUOTED_INCLUDE_IN_FRAMEWORK_HEADER = YES;
				CLANG_WARN_RANGE_LOOP_ANALYSIS = YES;
				CLANG_WARN_STRICT_PROTOTYPES = YES;
				CLANG_WARN_SUSPICIOUS_MOVE = YES;
				CLANG_WARN_UNGUARDED_AVAILABILITY = YES_AGGRESSIVE;
				CLANG_WARN_UNREACHABLE_CODE = YES;
				CLANG_WARN__DUPLICATE_METHOD_MATCH = YES;
				COPY_PHASE_STRIP = NO;
				DEBUG_INFORMATION_FORMAT = dwarf;
				ENABLE_STRICT_OBJC_MSGSEND = YES;
				ENABLE_TESTABILITY = YES;
				GCC_C_LANGUAGE_STANDARD = gnu11;
				GCC_DYNAMIC_NO_PIC = NO;
				GCC_NO_COMMON_BLOCKS = YES;
				GCC_OPTIMIZATION_LEVEL = 0;
				GCC_PREPROCESSOR_DEFINITIONS = (
					"DEBUG=1",
					"$(inherited)",
				);
				GCC_WARN_64_TO_32_BIT_CONVERSION = YES;
				GCC_WARN_ABOUT_RETURN_TYPE = YES_ERROR;
				GCC_WARN_UNDECLARED_SELECTOR = YES;
				GCC_WARN_UNINITIALIZED_AUTOS = YES_AGGRESSIVE;
				GCC_WARN_UNUSED_FUNCTION = YES;
				GCC_WARN_UNUSED_VARIABLE = YES;
				MACOSX_DEPLOYMENT_TARGET = 12.3;
				MTL_ENABLE_DEBUG_INFO = INCLUDE_SOURCE;
				MTL_FAST_MATH = YES;
				ONLY_ACTIVE_ARCH = YES;
				SDKROOT = macosx;
			};
			name = Debug;
		};
		7A819CA9282FA0A80073CC5F /* Release */ = {
			isa = XCBuildConfiguration;
			buildSettings = {
				ALWAYS_SEARCH_USER_PATHS = NO;
				CLANG_ANALYZER_NONNULL = YES;
				CLANG_ANALYZER_NUMBER_OBJECT_CONVERSION = YES_AGGRESSIVE;
				CLANG_CXX_LANGUAGE_STANDARD = "gnu++17";
				CLANG_ENABLE_MODULES = YES;
				CLANG_ENABLE_OBJC_ARC = YES;
				CLANG_ENABLE_OBJC_WEAK = YES;
				CLANG_WARN_BLOCK_CAPTURE_AUTORELEASING = YES;
				CLANG_WARN_BOOL_CONVERSION = YES;
				CLANG_WARN_COMMA = YES;
				CLANG_WARN_CONSTANT_CONVERSION = YES;
				CLANG_WARN_DEPRECATED_OBJC_IMPLEMENTATIONS = YES;
				CLANG_WARN_DIRECT_OBJC_ISA_USAGE = YES_ERROR;
				CLANG_WARN_DOCUMENTATION_COMMENTS = YES;
				CLANG_WARN_EMPTY_BODY = YES;
				CLANG_WARN_ENUM_CONVERSION = YES;
				CLANG_WARN_INFINITE_RECURSION = YES;
				CLANG_WARN_INT_CONVERSION = YES;
				CLANG_WARN_NON_LITERAL_NULL_CONVERSION = YES;
				CLANG_WARN_OBJC_IMPLICIT_RETAIN_SELF = YES;
				CLANG_WARN_OBJC_LITERAL_CONVERSION = YES;
				CLANG_WARN_OBJC_ROOT_CLASS = YES_ERROR;
				CLANG_WARN_QUOTED_INCLUDE_IN_FRAMEWORK_HEADER = YES;
				CLANG_WARN_RANGE_LOOP_ANALYSIS = YES;
				CLANG_WARN_STRICT_PROTOTYPES = YES;
				CLANG_WARN_SUSPICIOUS_MOVE = YES;
				CLANG_WARN_UNGUARDED_AVAILABILITY = YES_AGGRESSIVE;
				CLANG_WARN_UNREACHABLE_CODE = YES;
				CLANG_WARN__DUPLICATE_METHOD_MATCH = YES;
				COPY_PHASE_STRIP = NO;
				DEBUG_INFORMATION_FORMAT = "dwarf-with-dsym";
				ENABLE_NS_ASSERTIONS = NO;
				ENABLE_STRICT_OBJC_MSGSEND = YES;
				GCC_C_LANGUAGE_STANDARD = gnu11;
				GCC_NO_COMMON_BLOCKS = YES;
				GCC_WARN_64_TO_32_BIT_CONVERSION = YES;
				GCC_WARN_ABOUT_RETURN_TYPE = YES_ERROR;
				GCC_WARN_UNDECLARED_SELECTOR = YES;
				GCC_WARN_UNINITIALIZED_AUTOS = YES_AGGRESSIVE;
				GCC_WARN_UNUSED_FUNCTION = YES;
				GCC_WARN_UNUSED_VARIABLE = YES;
				MACOSX_DEPLOYMENT_TARGET = 12.3;
				MTL_ENABLE_DEBUG_INFO = NO;
				MTL_FAST_MATH = YES;
				SDKROOT = macosx;
			};
			name = Release;
		};
		7A819CAB282FA0A80073CC5F /* Debug */ = {
			isa = XCBuildConfiguration;
			buildSettings = {
				CODE_SIGN_STYLE = Automatic;
				"HEADER_SEARCH_PATHS[arch=*]" = /Users/ghengheadaniel/Desktop/raylib/src;
				"LIBRARY_SEARCH_PATHS[arch=*]" = /Users/ghengheadaniel/Desktop/raylib/src;
				PRODUCT_NAME = "$(TARGET_NAME)";
			};
			name = Debug;
		};
		7A819CAC282FA0A80073CC5F /* Release */ = {
			isa = XCBuildConfiguration;
			buildSettings = {
				CODE_SIGN_STYLE = Automatic;
				PRODUCT_NAME = "$(TARGET_NAME)";
			};
			name = Release;
		};
/* End XCBuildConfiguration section */

/* Begin XCConfigurationList section */
		7A819C9E282FA0A80073CC5F /* Build configuration list for PBXProject "SORTING_VISUALIZER" */ = {
			isa = XCConfigurationList;
			buildConfigurations = (
				7A819CA8282FA0A80073CC5F /* Debug */,
				7A819CA9282FA0A80073CC5F /* Release */,
			);
			defaultConfigurationIsVisible = 0;
			defaultConfigurationName = Release;
		};
		7A819CAA282FA0A80073CC5F /* Build configuration list for PBXNativeTarget "SORTING_VISUALIZER" */ = {
			isa = XCConfigurationList;
			buildConfigurations = (
				7A819CAB282FA0A80073CC5F /* Debug */,
				7A819CAC282FA0A80073CC5F /* Release */,
			);
			defaultConfigurationIsVisible = 0;
			defaultConfigurationName = Release;
		};
/* End XCConfigurationList section */
	};
	rootObject = 7A819C9B282FA0A80073CC5F /* Project object */;
}
